<?xml version="1.0" encoding="utf-8"?>
<Project ToolsVersion="4.0" xmlns="http://schemas.microsoft.com/developer/msbuild/2003">
  <ItemGroup>
    <Filter Include="ImguiSFML">
      <UniqueIdentifier>{522FD5D2-BE99-8949-07D8-3AEF7381679E}</UniqueIdentifier>
    </Filter>
  </ItemGroup>
  <ItemGroup>
    <ClCompile Include="ImguiSFML\imgui-SFML.cpp">
      <Filter>ImguiSFML</Filter>
    </ClCompile>
    <ClCompile Include="imgui.cpp" />
    <ClCompile Include="imgui_draw.cpp" />
    <ClCompile Include="imgui_tables.cpp" />
    <ClCompile Include="imgui_widgets.cpp" />
  </ItemGroup>
</Project>